
Microsoft Visual Studio Solution File, Format Version 12.00
# Visual Studio Version 17
VisualStudioVersion = 17.0.31903.59
MinimumVisualStudioVersion = 10.0.40219.1
Project("{2150E333-8FDC-42A3-9474-1A3956D46DE8}") = "src", "src", "{EE8AD2A1-9CD6-4719-BDCE-E3E0F3A10C15}"
EndProject
Project("{2150E333-8FDC-42A3-9474-1A3956D46DE8}") = "docs", "docs", "{3814FF55-7180-4DE0-8886-EF16ED88201C}"
EndProject
Project("{2150E333-8FDC-42A3-9474-1A3956D46DE8}") = "k8s", "k8s", "{880E1B3D-C899-4B1E-9566-00C78620485E}"
EndProject
Project("{2150E333-8FDC-42A3-9474-1A3956D46DE8}") = "docker", "docker", "{E67E2E39-EFFA-41E1-94B0-D37C9108A5A1}"
EndProject
Project("{2150E333-8FDC-42A3-9474-1A3956D46DE8}") = "tests", "tests", "{4F9C71CA-9769-4503-809D-C3F1CC394D26}"
EndProject
Project("{2150E333-8FDC-42A3-9474-1A3956D46DE8}") = "Apigateway", "Apigateway", "{7B5469C8-4BFF-4DEE-8C75-626E3D78565C}"
EndProject
Project("{2150E333-8FDC-42A3-9474-1A3956D46DE8}") = "Services", "Services", "{7DC01DFD-6DB5-47C9-959C-CA06448FA6F9}"
EndProject
Project("{2150E333-8FDC-42A3-9474-1A3956D46DE8}") = "OrderService", "OrderService", "{D0D4EBF3-460A-435D-85F8-8DDC1A17B007}"
EndProject
Project("{2150E333-8FDC-42A3-9474-1A3956D46DE8}") = "BasketService", "BasketService", "{2F972502-32C6-4335-887D-8480C4EE2849}"
EndProject
Project("{2150E333-8FDC-42A3-9474-1A3956D46DE8}") = "CategoryService", "CategoryService", "{C47742E8-C4AC-464A-941B-1DAEC806CACB}"
EndProject
Project("{2150E333-8FDC-42A3-9474-1A3956D46DE8}") = "ProductService", "ProductService", "{C0CD782E-F93E-4093-ADB1-D7011C52A96C}"
EndProject
Project("{2150E333-8FDC-42A3-9474-1A3956D46DE8}") = "UserService", "UserService", "{D774C2CE-E3B1-44E5-B4A0-EC48C1C13537}"
EndProject
Global
	GlobalSection(SolutionProperties) = preSolution
		HideSolutionNode = FALSE
	EndGlobalSection
	GlobalSection(NestedProjects) = preSolution
		{7B5469C8-4BFF-4DEE-8C75-626E3D78565C} = {EE8AD2A1-9CD6-4719-BDCE-E3E0F3A10C15}
		{7DC01DFD-6DB5-47C9-959C-CA06448FA6F9} = {EE8AD2A1-9CD6-4719-BDCE-E3E0F3A10C15}
		{D0D4EBF3-460A-435D-85F8-8DDC1A17B007} = {7DC01DFD-6DB5-47C9-959C-CA06448FA6F9}
		{2F972502-32C6-4335-887D-8480C4EE2849} = {7DC01DFD-6DB5-47C9-959C-CA06448FA6F9}
		{C47742E8-C4AC-464A-941B-1DAEC806CACB} = {7DC01DFD-6DB5-47C9-959C-CA06448FA6F9}
		{C0CD782E-F93E-4093-ADB1-D7011C52A96C} = {7DC01DFD-6DB5-47C9-959C-CA06448FA6F9}
		{D774C2CE-E3B1-44E5-B4A0-EC48C1C13537} = {7DC01DFD-6DB5-47C9-959C-CA06448FA6F9}
	EndGlobalSection
EndGlobal
