
Microsoft Visual Studio Solution File, Format Version 12.00
# Visual Studio Version 17
VisualStudioVersion = 17.0.31903.59
MinimumVisualStudioVersion = 10.0.40219.1
Project("{2150E333-8FDC-42A3-9474-1A3956D46DE8}") = "src", "src", "{EE8AD2A1-9CD6-4719-BDCE-E3E0F3A10C15}"
EndProject
Project("{2150E333-8FDC-42A3-9474-1A3956D46DE8}") = "docs", "docs", "{3814FF55-7180-4DE0-8886-EF16ED88201C}"
EndProject
Project("{2150E333-8FDC-42A3-9474-1A3956D46DE8}") = "tests", "tests", "{4F9C71CA-9769-4503-809D-C3F1CC394D26}"
EndProject
Project("{2150E333-8FDC-42A3-9474-1A3956D46DE8}") = "Apigateway", "Apigateway", "{7B5469C8-4BFF-4DEE-8C75-626E3D78565C}"
EndProject
Project("{2150E333-8FDC-42A3-9474-1A3956D46DE8}") = "Services", "Services", "{7DC01DFD-6DB5-47C9-959C-CA06448FA6F9}"
EndProject
Project("{2150E333-8FDC-42A3-9474-1A3956D46DE8}") = "OrderService", "OrderService", "{D0D4EBF3-460A-435D-85F8-8DDC1A17B007}"
EndProject
Project("{2150E333-8FDC-42A3-9474-1A3956D46DE8}") = "BasketService", "BasketService", "{2F972502-32C6-4335-887D-8480C4EE2849}"
EndProject
Project("{2150E333-8FDC-42A3-9474-1A3956D46DE8}") = "CategoryService", "CategoryService", "{C47742E8-C4AC-464A-941B-1DAEC806CACB}"
EndProject
Project("{2150E333-8FDC-42A3-9474-1A3956D46DE8}") = "ProductService", "ProductService", "{C0CD782E-F93E-4093-ADB1-D7011C52A96C}"
EndProject
Project("{2150E333-8FDC-42A3-9474-1A3956D46DE8}") = "UserService", "UserService", "{D774C2CE-E3B1-44E5-B4A0-EC48C1C13537}"
EndProject
Project("{2150E333-8FDC-42A3-9474-1A3956D46DE8}") = "deploy", "deploy", "{7EC8D030-461D-4FDA-96B4-CCD3340D52EF}"
EndProject
Project("{2150E333-8FDC-42A3-9474-1A3956D46DE8}") = "docker", "docker", "{C8F1E79A-B5E8-4403-A796-4050A1ED6E5E}"
	ProjectSection(SolutionItems) = preProject
		deploy\docker\docker-compose.yaml = deploy\docker\docker-compose.yaml
	EndProjectSection
EndProject
Project("{2150E333-8FDC-42A3-9474-1A3956D46DE8}") = "k8s", "k8s", "{F3D6928D-F2C4-4155-AEAC-A33EC1B3ADD8}"
	ProjectSection(SolutionItems) = preProject
		deploy\k8s\kubernetes.yaml = deploy\k8s\kubernetes.yaml
	EndProjectSection
EndProject
Project("{FAE04EC0-301F-11D3-BF4B-00C04F79EFBC}") = "User.Api", "src\Services\UserService\User.Api\User.Api.csproj", "{E3C42CB4-6291-4DD7-AF08-13A623038D06}"
EndProject
Project("{FAE04EC0-301F-11D3-BF4B-00C04F79EFBC}") = "Product.Api", "src\Services\ProductService\Product.Api\Product.Api.csproj", "{2FD73B3B-F3D3-458A-82FA-6988F1E30075}"
EndProject
Project("{FAE04EC0-301F-11D3-BF4B-00C04F79EFBC}") = "Order.Api", "src\Services\OrderService\Order.Api\Order.Api.csproj", "{A274B0B6-263A-41E5-95E8-55DC7CDCA18C}"
EndProject
Project("{FAE04EC0-301F-11D3-BF4B-00C04F79EFBC}") = "Category.Api", "src\Services\CategoryService\Category.Api\Category.Api.csproj", "{C2341880-F175-4EB7-B6C0-5264E932D8C0}"
EndProject
Project("{FAE04EC0-301F-11D3-BF4B-00C04F79EFBC}") = "Basket.Api", "src\Services\BasketService\Basket.Api\Basket.Api.csproj", "{22D99F3B-9F09-45B6-B4DC-B9B5BF2CE747}"
EndProject
Project("{FAE04EC0-301F-11D3-BF4B-00C04F79EFBC}") = "WebApiGateway", "src\Apigateway\WebApiGateway\WebApiGateway.csproj", "{778916D4-CB2D-4DCB-B959-25F70DC1E8EF}"
EndProject
Project("{2150E333-8FDC-42A3-9474-1A3956D46DE8}") = "BuildingBlocks", "BuildingBlocks", "{7E48FDAC-EE2D-43F5-B0D0-CC1994148D92}"
EndProject
Project("{FAE04EC0-301F-11D3-BF4B-00C04F79EFBC}") = "Shared.Library", "src\BuildingBlocks\Shared.Library\Shared.Library.csproj", "{3D6A962C-DE20-4A83-9689-19F9287E2C86}"
EndProject
Global
	GlobalSection(SolutionConfigurationPlatforms) = preSolution
		Debug|Any CPU = Debug|Any CPU
		Release|Any CPU = Release|Any CPU
	EndGlobalSection
	GlobalSection(ProjectConfigurationPlatforms) = postSolution
		{E3C42CB4-6291-4DD7-AF08-13A623038D06}.Debug|Any CPU.ActiveCfg = Debug|Any CPU
		{E3C42CB4-6291-4DD7-AF08-13A623038D06}.Debug|Any CPU.Build.0 = Debug|Any CPU
		{E3C42CB4-6291-4DD7-AF08-13A623038D06}.Release|Any CPU.ActiveCfg = Release|Any CPU
		{E3C42CB4-6291-4DD7-AF08-13A623038D06}.Release|Any CPU.Build.0 = Release|Any CPU
		{2FD73B3B-F3D3-458A-82FA-6988F1E30075}.Debug|Any CPU.ActiveCfg = Debug|Any CPU
		{2FD73B3B-F3D3-458A-82FA-6988F1E30075}.Debug|Any CPU.Build.0 = Debug|Any CPU
		{2FD73B3B-F3D3-458A-82FA-6988F1E30075}.Release|Any CPU.ActiveCfg = Release|Any CPU
		{2FD73B3B-F3D3-458A-82FA-6988F1E30075}.Release|Any CPU.Build.0 = Release|Any CPU
		{A274B0B6-263A-41E5-95E8-55DC7CDCA18C}.Debug|Any CPU.ActiveCfg = Debug|Any CPU
		{A274B0B6-263A-41E5-95E8-55DC7CDCA18C}.Debug|Any CPU.Build.0 = Debug|Any CPU
		{A274B0B6-263A-41E5-95E8-55DC7CDCA18C}.Release|Any CPU.ActiveCfg = Release|Any CPU
		{A274B0B6-263A-41E5-95E8-55DC7CDCA18C}.Release|Any CPU.Build.0 = Release|Any CPU
		{C2341880-F175-4EB7-B6C0-5264E932D8C0}.Debug|Any CPU.ActiveCfg = Debug|Any CPU
		{C2341880-F175-4EB7-B6C0-5264E932D8C0}.Debug|Any CPU.Build.0 = Debug|Any CPU
		{C2341880-F175-4EB7-B6C0-5264E932D8C0}.Release|Any CPU.ActiveCfg = Release|Any CPU
		{C2341880-F175-4EB7-B6C0-5264E932D8C0}.Release|Any CPU.Build.0 = Release|Any CPU
		{22D99F3B-9F09-45B6-B4DC-B9B5BF2CE747}.Debug|Any CPU.ActiveCfg = Debug|Any CPU
		{22D99F3B-9F09-45B6-B4DC-B9B5BF2CE747}.Debug|Any CPU.Build.0 = Debug|Any CPU
		{22D99F3B-9F09-45B6-B4DC-B9B5BF2CE747}.Release|Any CPU.ActiveCfg = Release|Any CPU
		{22D99F3B-9F09-45B6-B4DC-B9B5BF2CE747}.Release|Any CPU.Build.0 = Release|Any CPU
		{778916D4-CB2D-4DCB-B959-25F70DC1E8EF}.Debug|Any CPU.ActiveCfg = Debug|Any CPU
		{778916D4-CB2D-4DCB-B959-25F70DC1E8EF}.Debug|Any CPU.Build.0 = Debug|Any CPU
		{778916D4-CB2D-4DCB-B959-25F70DC1E8EF}.Release|Any CPU.ActiveCfg = Release|Any CPU
		{778916D4-CB2D-4DCB-B959-25F70DC1E8EF}.Release|Any CPU.Build.0 = Release|Any CPU
		{3D6A962C-DE20-4A83-9689-19F9287E2C86}.Debug|Any CPU.ActiveCfg = Debug|Any CPU
		{3D6A962C-DE20-4A83-9689-19F9287E2C86}.Debug|Any CPU.Build.0 = Debug|Any CPU
		{3D6A962C-DE20-4A83-9689-19F9287E2C86}.Release|Any CPU.ActiveCfg = Release|Any CPU
		{3D6A962C-DE20-4A83-9689-19F9287E2C86}.Release|Any CPU.Build.0 = Release|Any CPU
	EndGlobalSection
	GlobalSection(SolutionProperties) = preSolution
		HideSolutionNode = FALSE
	EndGlobalSection
	GlobalSection(NestedProjects) = preSolution
		{7B5469C8-4BFF-4DEE-8C75-626E3D78565C} = {EE8AD2A1-9CD6-4719-BDCE-E3E0F3A10C15}
		{7DC01DFD-6DB5-47C9-959C-CA06448FA6F9} = {EE8AD2A1-9CD6-4719-BDCE-E3E0F3A10C15}
		{D0D4EBF3-460A-435D-85F8-8DDC1A17B007} = {7DC01DFD-6DB5-47C9-959C-CA06448FA6F9}
		{2F972502-32C6-4335-887D-8480C4EE2849} = {7DC01DFD-6DB5-47C9-959C-CA06448FA6F9}
		{C47742E8-C4AC-464A-941B-1DAEC806CACB} = {7DC01DFD-6DB5-47C9-959C-CA06448FA6F9}
		{C0CD782E-F93E-4093-ADB1-D7011C52A96C} = {7DC01DFD-6DB5-47C9-959C-CA06448FA6F9}
		{D774C2CE-E3B1-44E5-B4A0-EC48C1C13537} = {7DC01DFD-6DB5-47C9-959C-CA06448FA6F9}
		{C8F1E79A-B5E8-4403-A796-4050A1ED6E5E} = {7EC8D030-461D-4FDA-96B4-CCD3340D52EF}
		{F3D6928D-F2C4-4155-AEAC-A33EC1B3ADD8} = {7EC8D030-461D-4FDA-96B4-CCD3340D52EF}
		{E3C42CB4-6291-4DD7-AF08-13A623038D06} = {D774C2CE-E3B1-44E5-B4A0-EC48C1C13537}
		{2FD73B3B-F3D3-458A-82FA-6988F1E30075} = {C0CD782E-F93E-4093-ADB1-D7011C52A96C}
		{A274B0B6-263A-41E5-95E8-55DC7CDCA18C} = {D0D4EBF3-460A-435D-85F8-8DDC1A17B007}
		{C2341880-F175-4EB7-B6C0-5264E932D8C0} = {C47742E8-C4AC-464A-941B-1DAEC806CACB}
		{22D99F3B-9F09-45B6-B4DC-B9B5BF2CE747} = {2F972502-32C6-4335-887D-8480C4EE2849}
		{778916D4-CB2D-4DCB-B959-25F70DC1E8EF} = {7B5469C8-4BFF-4DEE-8C75-626E3D78565C}
		{7E48FDAC-EE2D-43F5-B0D0-CC1994148D92} = {EE8AD2A1-9CD6-4719-BDCE-E3E0F3A10C15}
		{3D6A962C-DE20-4A83-9689-19F9287E2C86} = {7E48FDAC-EE2D-43F5-B0D0-CC1994148D92}
	EndGlobalSection
EndGlobal
